
Microsoft Visual Studio Solution File, Format Version 12.00
# Visual Studio Version 17
VisualStudioVersion = 17.6.33723.286
MinimumVisualStudioVersion = 10.0.40219.1
Project("{FAE04EC0-301F-11D3-BF4B-00C04F79EFBC}") = "Character_Type_Division", "Character_Type_Division.csproj", "{F1474D9A-F0BF-4257-B7FF-01D674F3127A}"
EndProject
Global
	GlobalSection(SolutionConfigurationPlatforms) = preSolution
		Debug|Any CPU = Debug|Any CPU
		Release|Any CPU = Release|Any CPU
	EndGlobalSection
	GlobalSection(ProjectConfigurationPlatforms) = postSolution
		{F1474D9A-F0BF-4257-B7FF-01D674F3127A}.Debug|Any CPU.ActiveCfg = Debug|Any CPU
		{F1474D9A-F0BF-4257-B7FF-01D674F3127A}.Debug|Any CPU.Build.0 = Debug|Any CPU
		{F1474D9A-F0BF-4257-B7FF-01D674F3127A}.Release|Any CPU.ActiveCfg = Release|Any CPU
		{F1474D9A-F0BF-4257-B7FF-01D674F3127A}.Release|Any CPU.Build.0 = Release|Any CPU
	EndGlobalSection
	GlobalSection(SolutionProperties) = preSolution
		HideSolutionNode = FALSE
	EndGlobalSection
	GlobalSection(ExtensibilityGlobals) = postSolution
		SolutionGuid = {2A2B456A-9E62-4628-9F2A-57BC3CD534A0}
	EndGlobalSection
EndGlobal
